// !$*UTF8*$!
{
	archiveVersion = 1;
	classes = {
	};
	objectVersion = 56;
	objects = {

/* Begin PBXBuildFile section */
		6B14551A2BBC540100984FC4 /* TabbarViewController.swift in Sources */ = {isa = PBXBuildFile; fileRef = 6B1455192BBC540100984FC4 /* TabbarViewController.swift */; };
		6B1455202BBC714A00984FC4 /* SettingsVC.swift in Sources */ = {isa = PBXBuildFile; fileRef = 6B14551F2BBC714A00984FC4 /* SettingsVC.swift */; };
		6B1455232BBC7AD100984FC4 /* BloodTestDetailTVC.swift in Sources */ = {isa = PBXBuildFile; fileRef = 6B1455212BBC7AD100984FC4 /* BloodTestDetailTVC.swift */; };
		6B1455242BBC7AD100984FC4 /* BloodTestDetailTVC.xib in Resources */ = {isa = PBXBuildFile; fileRef = 6B1455222BBC7AD100984FC4 /* BloodTestDetailTVC.xib */; };
		6B159B762BBB21F0008221CF /* PatientTestDetailsVC.swift in Sources */ = {isa = PBXBuildFile; fileRef = 6B159B752BBB21F0008221CF /* PatientTestDetailsVC.swift */; };
		6B159B782BBC2F1F008221CF /* DataManager.swift in Sources */ = {isa = PBXBuildFile; fileRef = 6B159B772BBC2F1E008221CF /* DataManager.swift */; };
		6B742E942BBAE4AA00F6D0D6 /* AppDelegate.swift in Sources */ = {isa = PBXBuildFile; fileRef = 6B742E932BBAE4AA00F6D0D6 /* AppDelegate.swift */; };
		6B742E962BBAE4AA00F6D0D6 /* SceneDelegate.swift in Sources */ = {isa = PBXBuildFile; fileRef = 6B742E952BBAE4AA00F6D0D6 /* SceneDelegate.swift */; };
		6B742E982BBAE4AA00F6D0D6 /* ViewController.swift in Sources */ = {isa = PBXBuildFile; fileRef = 6B742E972BBAE4AA00F6D0D6 /* ViewController.swift */; };
		6B742E9B2BBAE4AA00F6D0D6 /* Base in Resources */ = {isa = PBXBuildFile; fileRef = 6B742E9A2BBAE4AA00F6D0D6 /* Base */; };
		6B742E9D2BBAE4AC00F6D0D6 /* Assets.xcassets in Resources */ = {isa = PBXBuildFile; fileRef = 6B742E9C2BBAE4AC00F6D0D6 /* Assets.xcassets */; };
		6B742EA02BBAE4AC00F6D0D6 /* Base in Resources */ = {isa = PBXBuildFile; fileRef = 6B742E9F2BBAE4AC00F6D0D6 /* Base */; };
		6B742EAB2BBAE4AC00F6D0D6 /* HealthHubTests.swift in Sources */ = {isa = PBXBuildFile; fileRef = 6B742EAA2BBAE4AC00F6D0D6 /* HealthHubTests.swift */; };
		6B742EB52BBAE4AC00F6D0D6 /* HealthHubUITests.swift in Sources */ = {isa = PBXBuildFile; fileRef = 6B742EB42BBAE4AC00F6D0D6 /* HealthHubUITests.swift */; };
		6B742EB72BBAE4AC00F6D0D6 /* HealthHubUITestsLaunchTests.swift in Sources */ = {isa = PBXBuildFile; fileRef = 6B742EB62BBAE4AC00F6D0D6 /* HealthHubUITestsLaunchTests.swift */; };
		6B742EC42BBAE4E700F6D0D6 /* PatientsListVC.swift in Sources */ = {isa = PBXBuildFile; fileRef = 6B742EC32BBAE4E700F6D0D6 /* PatientsListVC.swift */; };
		6B742EC62BBAE54000F6D0D6 /* PatientsDoctorsModel.swift in Sources */ = {isa = PBXBuildFile; fileRef = 6B742EC52BBAE54000F6D0D6 /* PatientsDoctorsModel.swift */; };
		6B742EC82BBB0C5E00F6D0D6 /* AddPatientDetailVC.swift in Sources */ = {isa = PBXBuildFile; fileRef = 6B742EC72BBB0C5E00F6D0D6 /* AddPatientDetailVC.swift */; };
		6B742ECB2BBB129F00F6D0D6 /* PAtientListTVC.xib in Resources */ = {isa = PBXBuildFile; fileRef = 6B742ECA2BBB129F00F6D0D6 /* PAtientListTVC.xib */; };
		6B742ECC2BBB129F00F6D0D6 /* PAtientListTVC.swift in Sources */ = {isa = PBXBuildFile; fileRef = 6B742EC92BBB129F00F6D0D6 /* PAtientListTVC.swift */; };
		6B742ECE2BBB1C7900F6D0D6 /* AddTestsVC.swift in Sources */ = {isa = PBXBuildFile; fileRef = 6B742ECD2BBB1C7900F6D0D6 /* AddTestsVC.swift */; };
		6BE4934D2BBD7DCD0034950D /* SplashVC.swift in Sources */ = {isa = PBXBuildFile; fileRef = 6BE4934C2BBD7DCD0034950D /* SplashVC.swift */; };
/* End PBXBuildFile section */

/* Begin PBXContainerItemProxy section */
		6B742EA72BBAE4AC00F6D0D6 /* PBXContainerItemProxy */ = {
			isa = PBXContainerItemProxy;
			containerPortal = 6B742E882BBAE4AA00F6D0D6 /* Project object */;
			proxyType = 1;
			remoteGlobalIDString = 6B742E8F2BBAE4AA00F6D0D6;
			remoteInfo = HealthHub;
		};
		6B742EB12BBAE4AC00F6D0D6 /* PBXContainerItemProxy */ = {
			isa = PBXContainerItemProxy;
			containerPortal = 6B742E882BBAE4AA00F6D0D6 /* Project object */;
			proxyType = 1;
			remoteGlobalIDString = 6B742E8F2BBAE4AA00F6D0D6;
			remoteInfo = HealthHub;
		};
/* End PBXContainerItemProxy section */

/* Begin PBXFileReference section */
		6B1455192BBC540100984FC4 /* TabbarViewController.swift */ = {isa = PBXFileReference; lastKnownFileType = sourcecode.swift; path = TabbarViewController.swift; sourceTree = "<group>"; };
		6B14551F2BBC714A00984FC4 /* SettingsVC.swift */ = {isa = PBXFileReference; lastKnownFileType = sourcecode.swift; path = SettingsVC.swift; sourceTree = "<group>"; };
		6B1455212BBC7AD100984FC4 /* BloodTestDetailTVC.swift */ = {isa = PBXFileReference; lastKnownFileType = sourcecode.swift; path = BloodTestDetailTVC.swift; sourceTree = "<group>"; };
		6B1455222BBC7AD100984FC4 /* BloodTestDetailTVC.xib */ = {isa = PBXFileReference; lastKnownFileType = file.xib; path = BloodTestDetailTVC.xib; sourceTree = "<group>"; };
		6B159B752BBB21F0008221CF /* PatientTestDetailsVC.swift */ = {isa = PBXFileReference; lastKnownFileType = sourcecode.swift; path = PatientTestDetailsVC.swift; sourceTree = "<group>"; };
		6B159B772BBC2F1E008221CF /* DataManager.swift */ = {isa = PBXFileReference; lastKnownFileType = sourcecode.swift; path = DataManager.swift; sourceTree = "<group>"; };
		6B742E902BBAE4AA00F6D0D6 /* HealthHub.app */ = {isa = PBXFileReference; explicitFileType = wrapper.application; includeInIndex = 0; path = HealthHub.app; sourceTree = BUILT_PRODUCTS_DIR; };
		6B742E932BBAE4AA00F6D0D6 /* AppDelegate.swift */ = {isa = PBXFileReference; lastKnownFileType = sourcecode.swift; path = AppDelegate.swift; sourceTree = "<group>"; };
		6B742E952BBAE4AA00F6D0D6 /* SceneDelegate.swift */ = {isa = PBXFileReference; lastKnownFileType = sourcecode.swift; path = SceneDelegate.swift; sourceTree = "<group>"; };
		6B742E972BBAE4AA00F6D0D6 /* ViewController.swift */ = {isa = PBXFileReference; lastKnownFileType = sourcecode.swift; path = ViewController.swift; sourceTree = "<group>"; };
		6B742E9A2BBAE4AA00F6D0D6 /* Base */ = {isa = PBXFileReference; lastKnownFileType = file.storyboard; name = Base; path = Base.lproj/Main.storyboard; sourceTree = "<group>"; };
		6B742E9C2BBAE4AC00F6D0D6 /* Assets.xcassets */ = {isa = PBXFileReference; lastKnownFileType = folder.assetcatalog; path = Assets.xcassets; sourceTree = "<group>"; };
		6B742E9F2BBAE4AC00F6D0D6 /* Base */ = {isa = PBXFileReference; lastKnownFileType = file.storyboard; name = Base; path = Base.lproj/LaunchScreen.storyboard; sourceTree = "<group>"; };
		6B742EA12BBAE4AC00F6D0D6 /* Info.plist */ = {isa = PBXFileReference; lastKnownFileType = text.plist.xml; path = Info.plist; sourceTree = "<group>"; };
		6B742EA62BBAE4AC00F6D0D6 /* HealthHubTests.xctest */ = {isa = PBXFileReference; explicitFileType = wrapper.cfbundle; includeInIndex = 0; path = HealthHubTests.xctest; sourceTree = BUILT_PRODUCTS_DIR; };
		6B742EAA2BBAE4AC00F6D0D6 /* HealthHubTests.swift */ = {isa = PBXFileReference; lastKnownFileType = sourcecode.swift; path = HealthHubTests.swift; sourceTree = "<group>"; };
		6B742EB02BBAE4AC00F6D0D6 /* HealthHubUITests.xctest */ = {isa = PBXFileReference; explicitFileType = wrapper.cfbundle; includeInIndex = 0; path = HealthHubUITests.xctest; sourceTree = BUILT_PRODUCTS_DIR; };
		6B742EB42BBAE4AC00F6D0D6 /* HealthHubUITests.swift */ = {isa = PBXFileReference; lastKnownFileType = sourcecode.swift; path = HealthHubUITests.swift; sourceTree = "<group>"; };
		6B742EB62BBAE4AC00F6D0D6 /* HealthHubUITestsLaunchTests.swift */ = {isa = PBXFileReference; lastKnownFileType = sourcecode.swift; path = HealthHubUITestsLaunchTests.swift; sourceTree = "<group>"; };
		6B742EC32BBAE4E700F6D0D6 /* PatientsListVC.swift */ = {isa = PBXFileReference; lastKnownFileType = sourcecode.swift; path = PatientsListVC.swift; sourceTree = "<group>"; };
		6B742EC52BBAE54000F6D0D6 /* PatientsDoctorsModel.swift */ = {isa = PBXFileReference; lastKnownFileType = sourcecode.swift; path = PatientsDoctorsModel.swift; sourceTree = "<group>"; };
		6B742EC72BBB0C5E00F6D0D6 /* AddPatientDetailVC.swift */ = {isa = PBXFileReference; lastKnownFileType = sourcecode.swift; path = AddPatientDetailVC.swift; sourceTree = "<group>"; };
		6B742EC92BBB129F00F6D0D6 /* PAtientListTVC.swift */ = {isa = PBXFileReference; lastKnownFileType = sourcecode.swift; path = PAtientListTVC.swift; sourceTree = "<group>"; };
		6B742ECA2BBB129F00F6D0D6 /* PAtientListTVC.xib */ = {isa = PBXFileReference; lastKnownFileType = file.xib; path = PAtientListTVC.xib; sourceTree = "<group>"; };
		6B742ECD2BBB1C7900F6D0D6 /* AddTestsVC.swift */ = {isa = PBXFileReference; lastKnownFileType = sourcecode.swift; path = AddTestsVC.swift; sourceTree = "<group>"; };
		6BE4934C2BBD7DCD0034950D /* SplashVC.swift */ = {isa = PBXFileReference; lastKnownFileType = sourcecode.swift; path = SplashVC.swift; sourceTree = "<group>"; };
/* End PBXFileReference section */

/* Begin PBXFrameworksBuildPhase section */
		6B742E8D2BBAE4AA00F6D0D6 /* Frameworks */ = {
			isa = PBXFrameworksBuildPhase;
			buildActionMask = 2147483647;
			files = (
			);
			runOnlyForDeploymentPostprocessing = 0;
		};
		6B742EA32BBAE4AC00F6D0D6 /* Frameworks */ = {
			isa = PBXFrameworksBuildPhase;
			buildActionMask = 2147483647;
			files = (
			);
			runOnlyForDeploymentPostprocessing = 0;
		};
		6B742EAD2BBAE4AC00F6D0D6 /* Frameworks */ = {
			isa = PBXFrameworksBuildPhase;
			buildActionMask = 2147483647;
			files = (
			);
			runOnlyForDeploymentPostprocessing = 0;
		};
/* End PBXFrameworksBuildPhase section */

/* Begin PBXGroup section */
		6B1455142BBC3FDC00984FC4 /* View Controllers */ = {
			isa = PBXGroup;
			children = (
				6BE4934C2BBD7DCD0034950D /* SplashVC.swift */,
				6B742E972BBAE4AA00F6D0D6 /* ViewController.swift */,
				6B742EC32BBAE4E700F6D0D6 /* PatientsListVC.swift */,
				6B742EC72BBB0C5E00F6D0D6 /* AddPatientDetailVC.swift */,
				6B742ECD2BBB1C7900F6D0D6 /* AddTestsVC.swift */,
				6B159B752BBB21F0008221CF /* PatientTestDetailsVC.swift */,
				6B1455192BBC540100984FC4 /* TabbarViewController.swift */,
				6B14551F2BBC714A00984FC4 /* SettingsVC.swift */,
			);
			path = "View Controllers";
			sourceTree = "<group>";
		};
		6B1455152BBC3FEE00984FC4 /* Delegates */ = {
			isa = PBXGroup;
			children = (
				6B742E932BBAE4AA00F6D0D6 /* AppDelegate.swift */,
				6B742E952BBAE4AA00F6D0D6 /* SceneDelegate.swift */,
			);
			path = Delegates;
			sourceTree = "<group>";
		};
		6B1455162BBC401100984FC4 /* XIBs */ = {
			isa = PBXGroup;
			children = (
				6B742ECA2BBB129F00F6D0D6 /* PAtientListTVC.xib */,
				6B742EC92BBB129F00F6D0D6 /* PAtientListTVC.swift */,
				6B1455212BBC7AD100984FC4 /* BloodTestDetailTVC.swift */,
				6B1455222BBC7AD100984FC4 /* BloodTestDetailTVC.xib */,
			);
			path = XIBs;
			sourceTree = "<group>";
		};
		6B1455172BBC402500984FC4 /* Storyboards */ = {
			isa = PBXGroup;
			children = (
				6B742E992BBAE4AA00F6D0D6 /* Main.storyboard */,
				6B742E9E2BBAE4AC00F6D0D6 /* LaunchScreen.storyboard */,
			);
			path = Storyboards;
			sourceTree = "<group>";
		};
		6B1455182BBC45AA00984FC4 /* Helpers */ = {
			isa = PBXGroup;
			children = (
			);
			path = Helpers;
			sourceTree = "<group>";
		};
		6B742E872BBAE4AA00F6D0D6 = {
			isa = PBXGroup;
			children = (
				6B742E922BBAE4AA00F6D0D6 /* HealthHub */,
				6B742EA92BBAE4AC00F6D0D6 /* HealthHubTests */,
				6B742EB32BBAE4AC00F6D0D6 /* HealthHubUITests */,
				6B742E912BBAE4AA00F6D0D6 /* Products */,
			);
			sourceTree = "<group>";
		};
		6B742E912BBAE4AA00F6D0D6 /* Products */ = {
			isa = PBXGroup;
			children = (
				6B742E902BBAE4AA00F6D0D6 /* HealthHub.app */,
				6B742EA62BBAE4AC00F6D0D6 /* HealthHubTests.xctest */,
				6B742EB02BBAE4AC00F6D0D6 /* HealthHubUITests.xctest */,
			);
			name = Products;
			sourceTree = "<group>";
		};
		6B742E922BBAE4AA00F6D0D6 /* HealthHub */ = {
			isa = PBXGroup;
			children = (
				6B1455182BBC45AA00984FC4 /* Helpers */,
				6B1455172BBC402500984FC4 /* Storyboards */,
				6B1455152BBC3FEE00984FC4 /* Delegates */,
				6B1455142BBC3FDC00984FC4 /* View Controllers */,
				6B1455162BBC401100984FC4 /* XIBs */,
				6B742E9C2BBAE4AC00F6D0D6 /* Assets.xcassets */,
				6B742EA12BBAE4AC00F6D0D6 /* Info.plist */,
				6B742EC52BBAE54000F6D0D6 /* PatientsDoctorsModel.swift */,
				6B159B772BBC2F1E008221CF /* DataManager.swift */,
			);
			path = HealthHub;
			sourceTree = "<group>";
		};
		6B742EA92BBAE4AC00F6D0D6 /* HealthHubTests */ = {
			isa = PBXGroup;
			children = (
				6B742EAA2BBAE4AC00F6D0D6 /* HealthHubTests.swift */,
			);
			path = HealthHubTests;
			sourceTree = "<group>";
		};
		6B742EB32BBAE4AC00F6D0D6 /* HealthHubUITests */ = {
			isa = PBXGroup;
			children = (
				6B742EB42BBAE4AC00F6D0D6 /* HealthHubUITests.swift */,
				6B742EB62BBAE4AC00F6D0D6 /* HealthHubUITestsLaunchTests.swift */,
			);
			path = HealthHubUITests;
			sourceTree = "<group>";
		};
/* End PBXGroup section */

/* Begin PBXNativeTarget section */
		6B742E8F2BBAE4AA00F6D0D6 /* HealthHub */ = {
			isa = PBXNativeTarget;
			buildConfigurationList = 6B742EBA2BBAE4AC00F6D0D6 /* Build configuration list for PBXNativeTarget "HealthHub" */;
			buildPhases = (
				6B742E8C2BBAE4AA00F6D0D6 /* Sources */,
				6B742E8D2BBAE4AA00F6D0D6 /* Frameworks */,
				6B742E8E2BBAE4AA00F6D0D6 /* Resources */,
			);
			buildRules = (
			);
			dependencies = (
			);
			name = HealthHub;
			productName = HealthHub;
			productReference = 6B742E902BBAE4AA00F6D0D6 /* HealthHub.app */;
			productType = "com.apple.product-type.application";
		};
		6B742EA52BBAE4AC00F6D0D6 /* HealthHubTests */ = {
			isa = PBXNativeTarget;
			buildConfigurationList = 6B742EBD2BBAE4AC00F6D0D6 /* Build configuration list for PBXNativeTarget "HealthHubTests" */;
			buildPhases = (
				6B742EA22BBAE4AC00F6D0D6 /* Sources */,
				6B742EA32BBAE4AC00F6D0D6 /* Frameworks */,
				6B742EA42BBAE4AC00F6D0D6 /* Resources */,
			);
			buildRules = (
			);
			dependencies = (
				6B742EA82BBAE4AC00F6D0D6 /* PBXTargetDependency */,
			);
			name = HealthHubTests;
			productName = HealthHubTests;
			productReference = 6B742EA62BBAE4AC00F6D0D6 /* HealthHubTests.xctest */;
			productType = "com.apple.product-type.bundle.unit-test";
		};
		6B742EAF2BBAE4AC00F6D0D6 /* HealthHubUITests */ = {
			isa = PBXNativeTarget;
			buildConfigurationList = 6B742EC02BBAE4AC00F6D0D6 /* Build configuration list for PBXNativeTarget "HealthHubUITests" */;
			buildPhases = (
				6B742EAC2BBAE4AC00F6D0D6 /* Sources */,
				6B742EAD2BBAE4AC00F6D0D6 /* Frameworks */,
				6B742EAE2BBAE4AC00F6D0D6 /* Resources */,
			);
			buildRules = (
			);
			dependencies = (
				6B742EB22BBAE4AC00F6D0D6 /* PBXTargetDependency */,
			);
			name = HealthHubUITests;
			productName = HealthHubUITests;
			productReference = 6B742EB02BBAE4AC00F6D0D6 /* HealthHubUITests.xctest */;
			productType = "com.apple.product-type.bundle.ui-testing";
		};
/* End PBXNativeTarget section */

/* Begin PBXProject section */
		6B742E882BBAE4AA00F6D0D6 /* Project object */ = {
			isa = PBXProject;
			attributes = {
				BuildIndependentTargetsInParallel = 1;
				LastSwiftUpdateCheck = 1530;
				LastUpgradeCheck = 1530;
				TargetAttributes = {
					6B742E8F2BBAE4AA00F6D0D6 = {
						CreatedOnToolsVersion = 15.3;
					};
					6B742EA52BBAE4AC00F6D0D6 = {
						CreatedOnToolsVersion = 15.3;
						TestTargetID = 6B742E8F2BBAE4AA00F6D0D6;
					};
					6B742EAF2BBAE4AC00F6D0D6 = {
						CreatedOnToolsVersion = 15.3;
						TestTargetID = 6B742E8F2BBAE4AA00F6D0D6;
					};
				};
			};
			buildConfigurationList = 6B742E8B2BBAE4AA00F6D0D6 /* Build configuration list for PBXProject "HealthHub" */;
			compatibilityVersion = "Xcode 14.0";
			developmentRegion = en;
			hasScannedForEncodings = 0;
			knownRegions = (
				en,
				Base,
			);
			mainGroup = 6B742E872BBAE4AA00F6D0D6;
			productRefGroup = 6B742E912BBAE4AA00F6D0D6 /* Products */;
			projectDirPath = "";
			projectRoot = "";
			targets = (
				6B742E8F2BBAE4AA00F6D0D6 /* HealthHub */,
				6B742EA52BBAE4AC00F6D0D6 /* HealthHubTests */,
				6B742EAF2BBAE4AC00F6D0D6 /* HealthHubUITests */,
			);
		};
/* End PBXProject section */

/* Begin PBXResourcesBuildPhase section */
		6B742E8E2BBAE4AA00F6D0D6 /* Resources */ = {
			isa = PBXResourcesBuildPhase;
			buildActionMask = 2147483647;
			files = (
				6B742E9D2BBAE4AC00F6D0D6 /* Assets.xcassets in Resources */,
				6B742ECB2BBB129F00F6D0D6 /* PAtientListTVC.xib in Resources */,
				6B1455242BBC7AD100984FC4 /* BloodTestDetailTVC.xib in Resources */,
				6B742EA02BBAE4AC00F6D0D6 /* Base in Resources */,
				6B742E9B2BBAE4AA00F6D0D6 /* Base in Resources */,
			);
			runOnlyForDeploymentPostprocessing = 0;
		};
		6B742EA42BBAE4AC00F6D0D6 /* Resources */ = {
			isa = PBXResourcesBuildPhase;
			buildActionMask = 2147483647;
			files = (
			);
			runOnlyForDeploymentPostprocessing = 0;
		};
		6B742EAE2BBAE4AC00F6D0D6 /* Resources */ = {
			isa = PBXResourcesBuildPhase;
			buildActionMask = 2147483647;
			files = (
			);
			runOnlyForDeploymentPostprocessing = 0;
		};
/* End PBXResourcesBuildPhase section */

/* Begin PBXSourcesBuildPhase section */
		6B742E8C2BBAE4AA00F6D0D6 /* Sources */ = {
			isa = PBXSourcesBuildPhase;
			buildActionMask = 2147483647;
			files = (
				6B159B762BBB21F0008221CF /* PatientTestDetailsVC.swift in Sources */,
				6B159B782BBC2F1F008221CF /* DataManager.swift in Sources */,
				6B14551A2BBC540100984FC4 /* TabbarViewController.swift in Sources */,
				6B742ECE2BBB1C7900F6D0D6 /* AddTestsVC.swift in Sources */,
				6B742EC42BBAE4E700F6D0D6 /* PatientsListVC.swift in Sources */,
				6B1455202BBC714A00984FC4 /* SettingsVC.swift in Sources */,
				6B1455232BBC7AD100984FC4 /* BloodTestDetailTVC.swift in Sources */,
				6B742ECC2BBB129F00F6D0D6 /* PAtientListTVC.swift in Sources */,
				6B742E982BBAE4AA00F6D0D6 /* ViewController.swift in Sources */,
				6B742E942BBAE4AA00F6D0D6 /* AppDelegate.swift in Sources */,
				6B742EC62BBAE54000F6D0D6 /* PatientsDoctorsModel.swift in Sources */,
				6B742E962BBAE4AA00F6D0D6 /* SceneDelegate.swift in Sources */,
				6B742EC82BBB0C5E00F6D0D6 /* AddPatientDetailVC.swift in Sources */,
				6BE4934D2BBD7DCD0034950D /* SplashVC.swift in Sources */,
			);
			runOnlyForDeploymentPostprocessing = 0;
		};
		6B742EA22BBAE4AC00F6D0D6 /* Sources */ = {
			isa = PBXSourcesBuildPhase;
			buildActionMask = 2147483647;
			files = (
				6B742EAB2BBAE4AC00F6D0D6 /* HealthHubTests.swift in Sources */,
			);
			runOnlyForDeploymentPostprocessing = 0;
		};
		6B742EAC2BBAE4AC00F6D0D6 /* Sources */ = {
			isa = PBXSourcesBuildPhase;
			buildActionMask = 2147483647;
			files = (
				6B742EB72BBAE4AC00F6D0D6 /* HealthHubUITestsLaunchTests.swift in Sources */,
				6B742EB52BBAE4AC00F6D0D6 /* HealthHubUITests.swift in Sources */,
			);
			runOnlyForDeploymentPostprocessing = 0;
		};
/* End PBXSourcesBuildPhase section */

/* Begin PBXTargetDependency section */
		6B742EA82BBAE4AC00F6D0D6 /* PBXTargetDependency */ = {
			isa = PBXTargetDependency;
			target = 6B742E8F2BBAE4AA00F6D0D6 /* HealthHub */;
			targetProxy = 6B742EA72BBAE4AC00F6D0D6 /* PBXContainerItemProxy */;
		};
		6B742EB22BBAE4AC00F6D0D6 /* PBXTargetDependency */ = {
			isa = PBXTargetDependency;
			target = 6B742E8F2BBAE4AA00F6D0D6 /* HealthHub */;
			targetProxy = 6B742EB12BBAE4AC00F6D0D6 /* PBXContainerItemProxy */;
		};
/* End PBXTargetDependency section */

/* Begin PBXVariantGroup section */
		6B742E992BBAE4AA00F6D0D6 /* Main.storyboard */ = {
			isa = PBXVariantGroup;
			children = (
				6B742E9A2BBAE4AA00F6D0D6 /* Base */,
			);
			name = Main.storyboard;
			sourceTree = "<group>";
		};
		6B742E9E2BBAE4AC00F6D0D6 /* LaunchScreen.storyboard */ = {
			isa = PBXVariantGroup;
			children = (
				6B742E9F2BBAE4AC00F6D0D6 /* Base */,
			);
			name = LaunchScreen.storyboard;
			sourceTree = "<group>";
		};
/* End PBXVariantGroup section */

/* Begin XCBuildConfiguration section */
		6B742EB82BBAE4AC00F6D0D6 /* Debug */ = {
			isa = XCBuildConfiguration;
			buildSettings = {
				ALWAYS_SEARCH_USER_PATHS = NO;
				ASSETCATALOG_COMPILER_GENERATE_SWIFT_ASSET_SYMBOL_EXTENSIONS = YES;
				CLANG_ANALYZER_NONNULL = YES;
				CLANG_ANALYZER_NUMBER_OBJECT_CONVERSION = YES_AGGRESSIVE;
				CLANG_CXX_LANGUAGE_STANDARD = "gnu++20";
				CLANG_ENABLE_MODULES = YES;
				CLANG_ENABLE_OBJC_ARC = YES;
				CLANG_ENABLE_OBJC_WEAK = YES;
				CLANG_WARN_BLOCK_CAPTURE_AUTORELEASING = YES;
				CLANG_WARN_BOOL_CONVERSION = YES;
				CLANG_WARN_COMMA = YES;
				CLANG_WARN_CONSTANT_CONVERSION = YES;
				CLANG_WARN_DEPRECATED_OBJC_IMPLEMENTATIONS = YES;
				CLANG_WARN_DIRECT_OBJC_ISA_USAGE = YES_ERROR;
				CLANG_WARN_DOCUMENTATION_COMMENTS = YES;
				CLANG_WARN_EMPTY_BODY = YES;
				CLANG_WARN_ENUM_CONVERSION = YES;
				CLANG_WARN_INFINITE_RECURSION = YES;
				CLANG_WARN_INT_CONVERSION = YES;
				CLANG_WARN_NON_LITERAL_NULL_CONVERSION = YES;
				CLANG_WARN_OBJC_IMPLICIT_RETAIN_SELF = YES;
				CLANG_WARN_OBJC_LITERAL_CONVERSION = YES;
				CLANG_WARN_OBJC_ROOT_CLASS = YES_ERROR;
				CLANG_WARN_QUOTED_INCLUDE_IN_FRAMEWORK_HEADER = YES;
				CLANG_WARN_RANGE_LOOP_ANALYSIS = YES;
				CLANG_WARN_STRICT_PROTOTYPES = YES;
				CLANG_WARN_SUSPICIOUS_MOVE = YES;
				CLANG_WARN_UNGUARDED_AVAILABILITY = YES_AGGRESSIVE;
				CLANG_WARN_UNREACHABLE_CODE = YES;
				CLANG_WARN__DUPLICATE_METHOD_MATCH = YES;
				COPY_PHASE_STRIP = NO;
				DEBUG_INFORMATION_FORMAT = dwarf;
				ENABLE_STRICT_OBJC_MSGSEND = YES;
				ENABLE_TESTABILITY = YES;
				ENABLE_USER_SCRIPT_SANDBOXING = YES;
				GCC_C_LANGUAGE_STANDARD = gnu17;
				GCC_DYNAMIC_NO_PIC = NO;
				GCC_NO_COMMON_BLOCKS = YES;
				GCC_OPTIMIZATION_LEVEL = 0;
				GCC_PREPROCESSOR_DEFINITIONS = (
					"DEBUG=1",
					"$(inherited)",
				);
				GCC_WARN_64_TO_32_BIT_CONVERSION = YES;
				GCC_WARN_ABOUT_RETURN_TYPE = YES_ERROR;
				GCC_WARN_UNDECLARED_SELECTOR = YES;
				GCC_WARN_UNINITIALIZED_AUTOS = YES_AGGRESSIVE;
				GCC_WARN_UNUSED_FUNCTION = YES;
				GCC_WARN_UNUSED_VARIABLE = YES;
				IPHONEOS_DEPLOYMENT_TARGET = 17.4;
				LOCALIZATION_PREFERS_STRING_CATALOGS = YES;
				MTL_ENABLE_DEBUG_INFO = INCLUDE_SOURCE;
				MTL_FAST_MATH = YES;
				ONLY_ACTIVE_ARCH = YES;
				SDKROOT = iphoneos;
				SWIFT_ACTIVE_COMPILATION_CONDITIONS = "DEBUG $(inherited)";
				SWIFT_OPTIMIZATION_LEVEL = "-Onone";
			};
			name = Debug;
		};
		6B742EB92BBAE4AC00F6D0D6 /* Release */ = {
			isa = XCBuildConfiguration;
			buildSettings = {
				ALWAYS_SEARCH_USER_PATHS = NO;
				ASSETCATALOG_COMPILER_GENERATE_SWIFT_ASSET_SYMBOL_EXTENSIONS = YES;
				CLANG_ANALYZER_NONNULL = YES;
				CLANG_ANALYZER_NUMBER_OBJECT_CONVERSION = YES_AGGRESSIVE;
				CLANG_CXX_LANGUAGE_STANDARD = "gnu++20";
				CLANG_ENABLE_MODULES = YES;
				CLANG_ENABLE_OBJC_ARC = YES;
				CLANG_ENABLE_OBJC_WEAK = YES;
				CLANG_WARN_BLOCK_CAPTURE_AUTORELEASING = YES;
				CLANG_WARN_BOOL_CONVERSION = YES;
				CLANG_WARN_COMMA = YES;
				CLANG_WARN_CONSTANT_CONVERSION = YES;
				CLANG_WARN_DEPRECATED_OBJC_IMPLEMENTATIONS = YES;
				CLANG_WARN_DIRECT_OBJC_ISA_USAGE = YES_ERROR;
				CLANG_WARN_DOCUMENTATION_COMMENTS = YES;
				CLANG_WARN_EMPTY_BODY = YES;
				CLANG_WARN_ENUM_CONVERSION = YES;
				CLANG_WARN_INFINITE_RECURSION = YES;
				CLANG_WARN_INT_CONVERSION = YES;
				CLANG_WARN_NON_LITERAL_NULL_CONVERSION = YES;
				CLANG_WARN_OBJC_IMPLICIT_RETAIN_SELF = YES;
				CLANG_WARN_OBJC_LITERAL_CONVERSION = YES;
				CLANG_WARN_OBJC_ROOT_CLASS = YES_ERROR;
				CLANG_WARN_QUOTED_INCLUDE_IN_FRAMEWORK_HEADER = YES;
				CLANG_WARN_RANGE_LOOP_ANALYSIS = YES;
				CLANG_WARN_STRICT_PROTOTYPES = YES;
				CLANG_WARN_SUSPICIOUS_MOVE = YES;
				CLANG_WARN_UNGUARDED_AVAILABILITY = YES_AGGRESSIVE;
				CLANG_WARN_UNREACHABLE_CODE = YES;
				CLANG_WARN__DUPLICATE_METHOD_MATCH = YES;
				COPY_PHASE_STRIP = NO;
				DEBUG_INFORMATION_FORMAT = "dwarf-with-dsym";
				ENABLE_NS_ASSERTIONS = NO;
				ENABLE_STRICT_OBJC_MSGSEND = YES;
				ENABLE_USER_SCRIPT_SANDBOXING = YES;
				GCC_C_LANGUAGE_STANDARD = gnu17;
				GCC_NO_COMMON_BLOCKS = YES;
				GCC_WARN_64_TO_32_BIT_CONVERSION = YES;
				GCC_WARN_ABOUT_RETURN_TYPE = YES_ERROR;
				GCC_WARN_UNDECLARED_SELECTOR = YES;
				GCC_WARN_UNINITIALIZED_AUTOS = YES_AGGRESSIVE;
				GCC_WARN_UNUSED_FUNCTION = YES;
				GCC_WARN_UNUSED_VARIABLE = YES;
				IPHONEOS_DEPLOYMENT_TARGET = 17.4;
				LOCALIZATION_PREFERS_STRING_CATALOGS = YES;
				MTL_ENABLE_DEBUG_INFO = NO;
				MTL_FAST_MATH = YES;
				SDKROOT = iphoneos;
				SWIFT_COMPILATION_MODE = wholemodule;
				VALIDATE_PRODUCT = YES;
			};
			name = Release;
		};
		6B742EBB2BBAE4AC00F6D0D6 /* Debug */ = {
			isa = XCBuildConfiguration;
			buildSettings = {
				ASSETCATALOG_COMPILER_APPICON_NAME = AppIcon;
				ASSETCATALOG_COMPILER_GLOBAL_ACCENT_COLOR_NAME = AccentColor;
				CODE_SIGN_STYLE = Automatic;
				CURRENT_PROJECT_VERSION = 1;
				DEVELOPMENT_TEAM = F9Z8YLZP9A;
				GENERATE_INFOPLIST_FILE = YES;
				INFOPLIST_FILE = HealthHub/Info.plist;
				INFOPLIST_KEY_UIApplicationSupportsIndirectInputEvents = YES;
				INFOPLIST_KEY_UILaunchStoryboardName = LaunchScreen;
				INFOPLIST_KEY_UIMainStoryboardFile = Main;
				INFOPLIST_KEY_UISupportedInterfaceOrientations_iPad = "UIInterfaceOrientationPortrait UIInterfaceOrientationPortraitUpsideDown UIInterfaceOrientationLandscapeLeft UIInterfaceOrientationLandscapeRight";
				INFOPLIST_KEY_UISupportedInterfaceOrientations_iPhone = "UIInterfaceOrientationPortrait UIInterfaceOrientationLandscapeLeft UIInterfaceOrientationLandscapeRight";
				LD_RUNPATH_SEARCH_PATHS = (
					"$(inherited)",
					"@executable_path/Frameworks",
				);
				MARKETING_VERSION = 1.0;
				PRODUCT_BUNDLE_IDENTIFIER = com.dawinder.HealthHub;
				PRODUCT_NAME = "$(TARGET_NAME)";
				SWIFT_EMIT_LOC_STRINGS = YES;
				SWIFT_VERSION = 5.0;
				TARGETED_DEVICE_FAMILY = "1,2";
			};
			name = Debug;
		};
		6B742EBC2BBAE4AC00F6D0D6 /* Release */ = {
			isa = XCBuildConfiguration;
			buildSettings = {
				ASSETCATALOG_COMPILER_APPICON_NAME = AppIcon;
				ASSETCATALOG_COMPILER_GLOBAL_ACCENT_COLOR_NAME = AccentColor;
				CODE_SIGN_STYLE = Automatic;
				CURRENT_PROJECT_VERSION = 1;
				DEVELOPMENT_TEAM = F9Z8YLZP9A;
				GENERATE_INFOPLIST_FILE = YES;
				INFOPLIST_FILE = HealthHub/Info.plist;
				INFOPLIST_KEY_UIApplicationSupportsIndirectInputEvents = YES;
				INFOPLIST_KEY_UILaunchStoryboardName = LaunchScreen;
				INFOPLIST_KEY_UIMainStoryboardFile = Main;
				INFOPLIST_KEY_UISupportedInterfaceOrientations_iPad = "UIInterfaceOrientationPortrait UIInterfaceOrientationPortraitUpsideDown UIInterfaceOrientationLandscapeLeft UIInterfaceOrientationLandscapeRight";
				INFOPLIST_KEY_UISupportedInterfaceOrientations_iPhone = "UIInterfaceOrientationPortrait UIInterfaceOrientationLandscapeLeft UIInterfaceOrientationLandscapeRight";
				LD_RUNPATH_SEARCH_PATHS = (
					"$(inherited)",
					"@executable_path/Frameworks",
				);
				MARKETING_VERSION = 1.0;
				PRODUCT_BUNDLE_IDENTIFIER = com.dawinder.HealthHub;
				PRODUCT_NAME = "$(TARGET_NAME)";
				SWIFT_EMIT_LOC_STRINGS = YES;
				SWIFT_VERSION = 5.0;
				TARGETED_DEVICE_FAMILY = "1,2";
			};
			name = Release;
		};
		6B742EBE2BBAE4AC00F6D0D6 /* Debug */ = {
			isa = XCBuildConfiguration;
			buildSettings = {
				ALWAYS_EMBED_SWIFT_STANDARD_LIBRARIES = YES;
				BUNDLE_LOADER = "$(TEST_HOST)";
				CODE_SIGN_STYLE = Automatic;
				CURRENT_PROJECT_VERSION = 1;
				DEVELOPMENT_TEAM = F9Z8YLZP9A;
				GENERATE_INFOPLIST_FILE = YES;
				IPHONEOS_DEPLOYMENT_TARGET = 17.4;
				MARKETING_VERSION = 1.0;
				PRODUCT_BUNDLE_IDENTIFIER = com.dawinder.HealthHubTests;
				PRODUCT_NAME = "$(TARGET_NAME)";
				SWIFT_EMIT_LOC_STRINGS = NO;
				SWIFT_VERSION = 5.0;
				TARGETED_DEVICE_FAMILY = "1,2";
				TEST_HOST = "$(BUILT_PRODUCTS_DIR)/HealthHub.app/$(BUNDLE_EXECUTABLE_FOLDER_PATH)/HealthHub";
			};
			name = Debug;
		};
		6B742EBF2BBAE4AC00F6D0D6 /* Release */ = {
			isa = XCBuildConfiguration;
			buildSettings = {
				ALWAYS_EMBED_SWIFT_STANDARD_LIBRARIES = YES;
				BUNDLE_LOADER = "$(TEST_HOST)";
				CODE_SIGN_STYLE = Automatic;
				CURRENT_PROJECT_VERSION = 1;
				DEVELOPMENT_TEAM = F9Z8YLZP9A;
				GENERATE_INFOPLIST_FILE = YES;
				IPHONEOS_DEPLOYMENT_TARGET = 17.4;
				MARKETING_VERSION = 1.0;
				PRODUCT_BUNDLE_IDENTIFIER = com.dawinder.HealthHubTests;
				PRODUCT_NAME = "$(TARGET_NAME)";
				SWIFT_EMIT_LOC_STRINGS = NO;
				SWIFT_VERSION = 5.0;
				TARGETED_DEVICE_FAMILY = "1,2";
				TEST_HOST = "$(BUILT_PRODUCTS_DIR)/HealthHub.app/$(BUNDLE_EXECUTABLE_FOLDER_PATH)/HealthHub";
			};
			name = Release;
		};
		6B742EC12BBAE4AC00F6D0D6 /* Debug */ = {
			isa = XCBuildConfiguration;
			buildSettings = {
				ALWAYS_EMBED_SWIFT_STANDARD_LIBRARIES = YES;
				CODE_SIGN_STYLE = Automatic;
				CURRENT_PROJECT_VERSION = 1;
				DEVELOPMENT_TEAM = F9Z8YLZP9A;
				GENERATE_INFOPLIST_FILE = YES;
				MARKETING_VERSION = 1.0;
				PRODUCT_BUNDLE_IDENTIFIER = com.dawinder.HealthHubUITests;
				PRODUCT_NAME = "$(TARGET_NAME)";
				SWIFT_EMIT_LOC_STRINGS = NO;
				SWIFT_VERSION = 5.0;
				TARGETED_DEVICE_FAMILY = "1,2";
				TEST_TARGET_NAME = HealthHub;
			};
			name = Debug;
		};
		6B742EC22BBAE4AC00F6D0D6 /* Release */ = {
			isa = XCBuildConfiguration;
			buildSettings = {
				ALWAYS_EMBED_SWIFT_STANDARD_LIBRARIES = YES;
				CODE_SIGN_STYLE = Automatic;
				CURRENT_PROJECT_VERSION = 1;
				DEVELOPMENT_TEAM = F9Z8YLZP9A;
				GENERATE_INFOPLIST_FILE = YES;
				MARKETING_VERSION = 1.0;
				PRODUCT_BUNDLE_IDENTIFIER = com.dawinder.HealthHubUITests;
				PRODUCT_NAME = "$(TARGET_NAME)";
				SWIFT_EMIT_LOC_STRINGS = NO;
				SWIFT_VERSION = 5.0;
				TARGETED_DEVICE_FAMILY = "1,2";
				TEST_TARGET_NAME = HealthHub;
			};
			name = Release;
		};
/* End XCBuildConfiguration section */

/* Begin XCConfigurationList section */
		6B742E8B2BBAE4AA00F6D0D6 /* Build configuration list for PBXProject "HealthHub" */ = {
			isa = XCConfigurationList;
			buildConfigurations = (
				6B742EB82BBAE4AC00F6D0D6 /* Debug */,
				6B742EB92BBAE4AC00F6D0D6 /* Release */,
			);
			defaultConfigurationIsVisible = 0;
			defaultConfigurationName = Release;
		};
		6B742EBA2BBAE4AC00F6D0D6 /* Build configuration list for PBXNativeTarget "HealthHub" */ = {
			isa = XCConfigurationList;
			buildConfigurations = (
				6B742EBB2BBAE4AC00F6D0D6 /* Debug */,
				6B742EBC2BBAE4AC00F6D0D6 /* Release */,
			);
			defaultConfigurationIsVisible = 0;
			defaultConfigurationName = Release;
		};
		6B742EBD2BBAE4AC00F6D0D6 /* Build configuration list for PBXNativeTarget "HealthHubTests" */ = {
			isa = XCConfigurationList;
			buildConfigurations = (
				6B742EBE2BBAE4AC00F6D0D6 /* Debug */,
				6B742EBF2BBAE4AC00F6D0D6 /* Release */,
			);
			defaultConfigurationIsVisible = 0;
			defaultConfigurationName = Release;
		};
		6B742EC02BBAE4AC00F6D0D6 /* Build configuration list for PBXNativeTarget "HealthHubUITests" */ = {
			isa = XCConfigurationList;
			buildConfigurations = (
				6B742EC12BBAE4AC00F6D0D6 /* Debug */,
				6B742EC22BBAE4AC00F6D0D6 /* Release */,
			);
			defaultConfigurationIsVisible = 0;
			defaultConfigurationName = Release;
		};
/* End XCConfigurationList section */
	};
	rootObject = 6B742E882BBAE4AA00F6D0D6 /* Project object */;
}
